gitlab.com/xilix-systems-llc/go-native-ads v2.0.0+incompatible h1:KngMTC8c/QuTch7exZTqo180Xonrd1uNgUyW42xHjUk=
gitlab.com/xilix-systems-llc/go-native-ads/v3 v3.0.2 h1:V3HiYRizIkb2SWi/aDjJaIdfmFntVN6POahjRtURiZ4=
gitlab.com/xilix-systems-llc/go-native-ads/v3 v3.0.2/go.mod h1:vnqqr9XlEYJIOUy7ZxtUOmv2JUOm3TTSb80gMuka3Lk=
gitlab.com/xilix-systems-llc/go-native-ads/v3 v3.0.3 h1:vdyYkD9sgNFw3WRPZVklmGQfIrjxYS5DZOyMIyc5Y94=
gitlab.com/xilix-systems-llc/go-native-ads/v3 v3.0.3/go.mod h1:vnqqr9XlEYJIOUy7ZxtUOmv2JUOm3TTSb80gMuka3Lk=
