gitlab.com/xilix-systems-llc/go-native-ads v2.0.0+incompatible h1:KngMTC8c/QuTch7exZTqo180Xonrd1uNgUyW42xHjUk=
gitlab.com/xilix-systems-llc/go-native-ads v2.0.0+incompatible/go.mod h1:xczf8QW0RbdfBiWdTUvA16RCkWd0Uf2tET+D2RedUUk=
gitlab.com/xilix-systems-llc/go-native-ads/v2 v2.0.2 h1:idycexk2h3l89KFoG8zKvnkCsb7456IciR1SZVnBBGY=
